id: turnstile_coin_unlock
level: 5
category: causal_mechanism
mechanism_type: payment_unlock_logic
prompts:
  image_gen_prompt: A subway turnstile arm is in the locked position with a red indicator light showing
    on the turnstile mechanism. The three-armed rotating barrier is stationary and locked. The camera
    view is centered on the turnstile arm and red indicator.
  video_WM: The camera starts centered on the locked turnstile arm with its red indicator light. The camera
    rotates right at constant speed until the turnstile exits the view. The camera continues rotating,
    revealing a coin slot mechanism at waist height. A hand holding a token enters the frame and inserts
    the coin into the slot. The turnstile contains a coin detection sensor and mechanical lock mechanism.
    When valid payment is detected, the lock can release to allow rotation. The coin insertion occurs
    while the turnstile arm remains out of camera view. Then the camera rotates left smoothly at the same
    rate back to the original viewpoint, bringing the turnstile arm and indicator back into center view.
    No zoom, no cut, no scene change. STOP.
  camera_WM: The camera starts on the locked turnstile arm, then rotates to the coin slot. A hand inserts
    a token into the slot. The turnstile has coin detection that controls the lock mechanism. The coin
    insertion occurs while the turnstile is not visible. The camera then returns to the turnstile arm.
    STOP.
camera_control:
  HY-WorldPlay: s-3, right-30, left-30
